// !$*UTF8*$!
{
	archiveVersion = 1;
	classes = {
	};
	objectVersion = 77;
	objects = {

/* Begin PBXContainerItemProxy section */
		A22C2C642FFB302D00E68CB6 /* PBXContainerItemProxy */ = {
			isa = PBXContainerItemProxy;
			containerPortal = A22C2C4C2FFB302B00E68CB6 /* Project object */;
			proxyType = 1;
			remoteGlobalIDString = A22C2C532FFB302B00E68CB6;
			remoteInfo = ArcadeCollector;
		};
		A22C2C6E2FFB302D00E68CB6 /* PBXContainerItemProxy */ = {
			isa = PBXContainerItemProxy;
			containerPortal = A22C2C4C2FFB302B00E68CB6 /* Project object */;
			proxyType = 1;
			remoteGlobalIDString = A22C2C532FFB302B00E68CB6;
			remoteInfo = ArcadeCollector;
		};
/* End PBXContainerItemProxy section */

/* Begin PBXFileReference section */
		A22C2C542FFB302B00E68CB6 /* ArcadeCollector.app */ = {isa = PBXFileReference; explicitFileType = wrapper.application; includeInIndex = 0; path = ArcadeCollector.app; sourceTree = BUILT_PRODUCTS_DIR; };
		A22C2C632FFB302D00E68CB6 /* ArcadeCollectorTests.xctest */ = {isa = PBXFileReference; explicitFileType = wrapper.cfbundle; includeInIndex = 0; path = ArcadeCollectorTests.xctest; sourceTree = BUILT_PRODUCTS_DIR; };
		A22C2C6D2FFB302D00E68CB6 /* ArcadeCollectorUITests.xctest */ = {isa = PBXFileReference; explicitFileType = wrapper.cfbundle; includeInIndex = 0; path = ArcadeCollectorUITests.xctest; sourceTree = BUILT_PRODUCTS_DIR; };
/* End PBXFileReference section */

/* Begin PBXFileSystemSynchronizedBuildFileExceptionSet section */
		A2E55412301289DE00AAC079 /* Exceptions for "ArcadeCollector" folder in "ArcadeCollectorUITests" target */ = {
			isa = PBXFileSystemSynchronizedBuildFileExceptionSet;
			membershipExceptions = (
				"Resources/Arcade Collector Value-only Seed ready for JSON July 23 2026.json",
			);
			target = A22C2C6C2FFB302D00E68CB6 /* ArcadeCollectorUITests */;
		};
/* End PBXFileSystemSynchronizedBuildFileExceptionSet section */

/* Begin PBXFileSystemSynchronizedRootGroup section */
		A22C2C562FFB302B00E68CB6 /* ArcadeCollector */ = {
			isa = PBXFileSystemSynchronizedRootGroup;
			exceptions = (
				A2E55412301289DE00AAC079 /* Exceptions for "ArcadeCollector" folder in "ArcadeCollectorUITests" target */,
			);
			explicitFileTypes = {
				"Resources/All games seed data July 2026.json" = text.json;
			};
			path = ArcadeCollector;
			sourceTree = "<group>";
		};
		A22C2C662FFB302D00E68CB6 /* ArcadeCollectorTests */ = {
			isa = PBXFileSystemSynchronizedRootGroup;
			path = ArcadeCollectorTests;
			sourceTree = "<group>";
		};
		A22C2C702FFB302D00E68CB6 /* ArcadeCollectorUITests */ = {
			isa = PBXFileSystemSynchronizedRootGroup;
			path = ArcadeCollectorUITests;
			sourceTree = "<group>";
		};
/* End PBXFileSystemSynchronizedRootGroup section */

/* Begin PBXFrameworksBuildPhase section */
		A22C2C512FFB302B00E68CB6 /* Frameworks */ = {
			isa = PBXFrameworksBuildPhase;
			buildActionMask = 2147483647;
			files = (
			);
			runOnlyForDeploymentPostprocessing = 0;
		};
		A22C2C602FFB302D00E68CB6 /* Frameworks */ = {
			isa = PBXFrameworksBuildPhase;
			buildActionMask = 2147483647;
			files = (
			);
			runOnlyForDeploymentPostprocessing = 0;
		};
		A22C2C6A2FFB302D00E68CB6 /* Frameworks */ = {
			isa = PBXFrameworksBuildPhase;
			buildActionMask = 2147483647;
			files = (
			);
			runOnlyForDeploymentPostprocessing = 0;
		};
/* End PBXFrameworksBuildPhase section */

/* Begin PBXGroup section */
		A22C2C4B2FFB302A00E68CB6 = {
			isa = PBXGroup;
			children = (
				A22C2C562FFB302B00E68CB6 /* ArcadeCollector */,
				A22C2C662FFB302D00E68CB6 /* ArcadeCollectorTests */,
				A22C2C702FFB302D00E68CB6 /* ArcadeCollectorUITests */,
				A22C2C552FFB302B00E68CB6 /* Products */,
			);
			sourceTree = "<group>";
		};
		A22C2C552FFB302B00E68CB6 /* Products */ = {
			isa = PBXGroup;
			children = (
				A22C2C542FFB302B00E68CB6 /* ArcadeCollector.app */,
				A22C2C632FFB302D00E68CB6 /* ArcadeCollectorTests.xctest */,
				A22C2C6D2FFB302D00E68CB6 /* ArcadeCollectorUITests.xctest */,
			);
			name = Products;
			sourceTree = "<group>";
		};
/* End PBXGroup section */

/* Begin PBXNativeTarget section */
		A22C2C532FFB302B00E68CB6 /* ArcadeCollector */ = {
			isa = PBXNativeTarget;
			buildConfigurationList = A22C2C772FFB302D00E68CB6 /* Build configuration list for PBXNativeTarget "ArcadeCollector" */;
			buildPhases = (
				A22C2C502FFB302B00E68CB6 /* Sources */,
				A22C2C512FFB302B00E68CB6 /* Frameworks */,
				A22C2C522FFB302B00E68CB6 /* Resources */,
			);
			buildRules = (
			);
			dependencies = (
			);
			fileSystemSynchronizedGroups = (
				A22C2C562FFB302B00E68CB6 /* ArcadeCollector */,
			);
			name = ArcadeCollector;
			packageProductDependencies = (
			);
			productName = ArcadeCollector;
			productReference = A22C2C542FFB302B00E68CB6 /* ArcadeCollector.app */;
			productType = "com.apple.product-type.application";
		};
		A22C2C622FFB302D00E68CB6 /* ArcadeCollectorTests */ = {
			isa = PBXNativeTarget;
			buildConfigurationList = A22C2C7A2FFB302D00E68CB6 /* Build configuration list for PBXNativeTarget "ArcadeCollectorTests" */;
			buildPhases = (
				A22C2C5F2FFB302D00E68CB6 /* Sources */,
				A22C2C602FFB302D00E68CB6 /* Frameworks */,
				A22C2C612FFB302D00E68CB6 /* Resources */,
			);
			buildRules = (
			);
			dependencies = (
				A22C2C652FFB302D00E68CB6 /* PBXTargetDependency */,
			);
			fileSystemSynchronizedGroups = (
				A22C2C662FFB302D00E68CB6 /* ArcadeCollectorTests */,
			);
			name = ArcadeCollectorTests;
			packageProductDependencies = (
			);
			productName = ArcadeCollectorTests;
			productReference = A22C2C632FFB302D00E68CB6 /* ArcadeCollectorTests.xctest */;
			productType = "com.apple.product-type.bundle.unit-test";
		};
		A22C2C6C2FFB302D00E68CB6 /* ArcadeCollectorUITests */ = {
			isa = PBXNativeTarget;
			buildConfigurationList = A22C2C7D2FFB302D00E68CB6 /* Build configuration list for PBXNativeTarget "ArcadeCollectorUITests" */;
			buildPhases = (
				A22C2C692FFB302D00E68CB6 /* Sources */,
				A22C2C6A2FFB302D00E68CB6 /* Frameworks */,
				A22C2C6B2FFB302D00E68CB6 /* Resources */,
			);
			buildRules = (
			);
			dependencies = (
				A22C2C6F2FFB302D00E68CB6 /* PBXTargetDependency */,
			);
			fileSystemSynchronizedGroups = (
				A22C2C702FFB302D00E68CB6 /* ArcadeCollectorUITests */,
			);
			name = ArcadeCollectorUITests;
			packageProductDependencies = (
			);
			productName = ArcadeCollectorUITests;
			productReference = A22C2C6D2FFB302D00E68CB6 /* ArcadeCollectorUITests.xctest */;
			productType = "com.apple.product-type.bundle.ui-testing";
		};
/* End PBXNativeTarget section */

/* Begin PBXProject section */
		A22C2C4C2FFB302B00E68CB6 /* Project object */ = {
			isa = PBXProject;
			attributes = {
				BuildIndependentTargetsInParallel = 1;
				LastSwiftUpdateCheck = 2650;
				LastUpgradeCheck = 2650;
				TargetAttributes = {
					A22C2C532FFB302B00E68CB6 = {
						CreatedOnToolsVersion = 26.5;
					};
					A22C2C622FFB302D00E68CB6 = {
						CreatedOnToolsVersion = 26.5;
						TestTargetID = A22C2C532FFB302B00E68CB6;
					};
					A22C2C6C2FFB302D00E68CB6 = {
						CreatedOnToolsVersion = 26.5;
						TestTargetID = A22C2C532FFB302B00E68CB6;
					};
				};
			};
			buildConfigurationList = A22C2C4F2FFB302B00E68CB6 /* Build configuration list for PBXProject "ArcadeCollector" */;
			developmentRegion = en;
			hasScannedForEncodings = 0;
			knownRegions = (
				en,
				Base,
			);
			mainGroup = A22C2C4B2FFB302A00E68CB6;
			minimizedProjectReferenceProxies = 1;
			preferredProjectObjectVersion = 77;
			productRefGroup = A22C2C552FFB302B00E68CB6 /* Products */;
			projectDirPath = "";
			projectRoot = "";
			targets = (
				A22C2C532FFB302B00E68CB6 /* ArcadeCollector */,
				A22C2C622FFB302D00E68CB6 /* ArcadeCollectorTests */,
				A22C2C6C2FFB302D00E68CB6 /* ArcadeCollectorUITests */,
			);
		};
/* End PBXProject section */

/* Begin PBXResourcesBuildPhase section */
		A22C2C522FFB302B00E68CB6 /* Resources */ = {
			isa = PBXResourcesBuildPhase;
			buildActionMask = 2147483647;
			files = (
			);
			runOnlyForDeploymentPostprocessing = 0;
		};
		A22C2C612FFB302D00E68CB6 /* Resources */ = {
			isa = PBXResourcesBuildPhase;
			buildActionMask = 2147483647;
			files = (
			);
			runOnlyForDeploymentPostprocessing = 0;
		};
		A22C2C6B2FFB302D00E68CB6 /* Resources */ = {
			isa = PBXResourcesBuildPhase;
			buildActionMask = 2147483647;
			files = (
			);
			runOnlyForDeploymentPostprocessing = 0;
		};
/* End PBXResourcesBuildPhase section */

/* Begin PBXSourcesBuildPhase section */
		A22C2C502FFB302B00E68CB6 /* Sources */ = {
			isa = PBXSourcesBuildPhase;
			buildActionMask = 2147483647;
			files = (
			);
			runOnlyForDeploymentPostprocessing = 0;
		};
		A22C2C5F2FFB302D00E68CB6 /* Sources */ = {
			isa = PBXSourcesBuildPhase;
			buildActionMask = 2147483647;
			files = (
			);
			runOnlyForDeploymentPostprocessing = 0;
		};
		A22C2C692FFB302D00E68CB6 /* Sources */ = {
			isa = PBXSourcesBuildPhase;
			buildActionMask = 2147483647;
			files = (
			);
			runOnlyForDeploymentPostprocessing = 0;
		};
/* End PBXSourcesBuildPhase section */

/* Begin PBXTargetDependency section */
		A22C2C652FFB302D00E68CB6 /* PBXTargetDependency */ = {
			isa = PBXTargetDependency;
			target = A22C2C532FFB302B00E68CB6 /* ArcadeCollector */;
			targetProxy = A22C2C642FFB302D00E68CB6 /* PBXContainerItemProxy */;
		};
		A22C2C6F2FFB302D00E68CB6 /* PBXTargetDependency */ = {
			isa = PBXTargetDependency;
			target = A22C2C532FFB302B00E68CB6 /* ArcadeCollector */;
			targetProxy = A22C2C6E2FFB302D00E68CB6 /* PBXContainerItemProxy */;
		};
/* End PBXTargetDependency section */

/* Begin XCBuildConfiguration section */
		A22C2C752FFB302D00E68CB6 /* Debug */ = {
			isa = XCBuildConfiguration;
			buildSettings = {
				ALWAYS_SEARCH_USER_PATHS = NO;
				ASSETCATALOG_COMPILER_GENERATE_SWIFT_ASSET_SYMBOL_EXTENSIONS = YES;
				CLANG_ANALYZER_NONNULL = YES;
				CLANG_ANALYZER_NUMBER_OBJECT_CONVERSION = YES_AGGRESSIVE;
				CLANG_CXX_LANGUAGE_STANDARD = "gnu++20";
				CLANG_ENABLE_MODULES = YES;
				CLANG_ENABLE_OBJC_ARC = YES;
				CLANG_ENABLE_OBJC_WEAK = YES;
				CLANG_WARN_BLOCK_CAPTURE_AUTORELEASING = YES;
				CLANG_WARN_BOOL_CONVERSION = YES;
				CLANG_WARN_COMMA = YES;
				CLANG_WARN_CONSTANT_CONVERSION = YES;
				CLANG_WARN_DEPRECATED_OBJC_IMPLEMENTATIONS = YES;
				CLANG_WARN_DIRECT_OBJC_ISA_USAGE = YES_ERROR;
				CLANG_WARN_DOCUMENTATION_COMMENTS = YES;
				CLANG_WARN_EMPTY_BODY = YES;
				CLANG_WARN_ENUM_CONVERSION = YES;
				CLANG_WARN_INFINITE_RECURSION = YES;
				CLANG_WARN_INT_CONVERSION = YES;
				CLANG_WARN_NON_LITERAL_NULL_CONVERSION = YES;
				CLANG_WARN_OBJC_IMPLICIT_RETAIN_SELF = YES;
				CLANG_WARN_OBJC_LITERAL_CONVERSION = YES;
				CLANG_WARN_OBJC_ROOT_CLASS = YES_ERROR;
				CLANG_WARN_QUOTED_INCLUDE_IN_FRAMEWORK_HEADER = YES;
				CLANG_WARN_RANGE_LOOP_ANALYSIS = YES;
				CLANG_WARN_STRICT_PROTOTYPES = YES;
				CLANG_WARN_SUSPICIOUS_MOVE = YES;
				CLANG_WARN_UNGUARDED_AVAILABILITY = YES_AGGRESSIVE;
				CLANG_WARN_UNREACHABLE_CODE = YES;
				CLANG_WARN__DUPLICATE_METHOD_MATCH = YES;
				COPY_PHASE_STRIP = NO;
				DEBUG_INFORMATION_FORMAT = dwarf;
				ENABLE_STRICT_OBJC_MSGSEND = YES;
				ENABLE_TESTABILITY = YES;
				ENABLE_USER_SCRIPT_SANDBOXING = YES;
				GCC_C_LANGUAGE_STANDARD = gnu17;
				GCC_DYNAMIC_NO_PIC = NO;
				GCC_NO_COMMON_BLOCKS = YES;
				GCC_OPTIMIZATION_LEVEL = 0;
				GCC_PREPROCESSOR_DEFINITIONS = (
					"DEBUG=1",
					"$(inherited)",
				);
				GCC_WARN_64_TO_32_BIT_CONVERSION = YES;
				GCC_WARN_ABOUT_RETURN_TYPE = YES_ERROR;
				GCC_WARN_UNDECLARED_SELECTOR = YES;
				GCC_WARN_UNINITIALIZED_AUTOS = YES_AGGRESSIVE;
				GCC_WARN_UNUSED_FUNCTION = YES;
				GCC_WARN_UNUSED_VARIABLE = YES;
				IPHONEOS_DEPLOYMENT_TARGET = 26.5;
				LOCALIZATION_PREFERS_STRING_CATALOGS = YES;
				MTL_ENABLE_DEBUG_INFO = INCLUDE_SOURCE;
				MTL_FAST_MATH = YES;
				ONLY_ACTIVE_ARCH = YES;
				SDKROOT = iphoneos;
				SWIFT_ACTIVE_COMPILATION_CONDITIONS = "DEBUG $(inherited)";
				SWIFT_OPTIMIZATION_LEVEL = "-Onone";
			};
			name = Debug;
		};
		A22C2C762FFB302D00E68CB6 /* Release */ = {
			isa = XCBuildConfiguration;
			buildSettings = {
				ALWAYS_SEARCH_USER_PATHS = NO;
				ASSETCATALOG_COMPILER_GENERATE_SWIFT_ASSET_SYMBOL_EXTENSIONS = YES;
				CLANG_ANALYZER_NONNULL = YES;
				CLANG_ANALYZER_NUMBER_OBJECT_CONVERSION = YES_AGGRESSIVE;
				CLANG_CXX_LANGUAGE_STANDARD = "gnu++20";
				CLANG_ENABLE_MODULES = YES;
				CLANG_ENABLE_OBJC_ARC = YES;
				CLANG_ENABLE_OBJC_WEAK = YES;
				CLANG_WARN_BLOCK_CAPTURE_AUTORELEASING = YES;
				CLANG_WARN_BOOL_CONVERSION = YES;
				CLANG_WARN_COMMA = YES;
				CLANG_WARN_CONSTANT_CONVERSION = YES;
				CLANG_WARN_DEPRECATED_OBJC_IMPLEMENTATIONS = YES;
				CLANG_WARN_DIRECT_OBJC_ISA_USAGE = YES_ERROR;
				CLANG_WARN_DOCUMENTATION_COMMENTS = YES;
				CLANG_WARN_EMPTY_BODY = YES;
				CLANG_WARN_ENUM_CONVERSION = YES;
				CLANG_WARN_INFINITE_RECURSION = YES;
				CLANG_WARN_INT_CONVERSION = YES;
				CLANG_WARN_NON_LITERAL_NULL_CONVERSION = YES;
				CLANG_WARN_OBJC_IMPLICIT_RETAIN_SELF = YES;
				CLANG_WARN_OBJC_LITERAL_CONVERSION = YES;
				CLANG_WARN_OBJC_ROOT_CLASS = YES_ERROR;
				CLANG_WARN_QUOTED_INCLUDE_IN_FRAMEWORK_HEADER = YES;
				CLANG_WARN_RANGE_LOOP_ANALYSIS = YES;
				CLANG_WARN_STRICT_PROTOTYPES = YES;
				CLANG_WARN_SUSPICIOUS_MOVE = YES;
				CLANG_WARN_UNGUARDED_AVAILABILITY = YES_AGGRESSIVE;
				CLANG_WARN_UNREACHABLE_CODE = YES;
				CLANG_WARN__DUPLICATE_METHOD_MATCH = YES;
				COPY_PHASE_STRIP = NO;
				DEBUG_INFORMATION_FORMAT = "dwarf-with-dsym";
				ENABLE_NS_ASSERTIONS = NO;
				ENABLE_STRICT_OBJC_MSGSEND = YES;
				ENABLE_USER_SCRIPT_SANDBOXING = YES;
				GCC_C_LANGUAGE_STANDARD = gnu17;
				GCC_NO_COMMON_BLOCKS = YES;
				GCC_WARN_64_TO_32_BIT_CONVERSION = YES;
				GCC_WARN_ABOUT_RETURN_TYPE = YES_ERROR;
				GCC_WARN_UNDECLARED_SELECTOR = YES;
				GCC_WARN_UNINITIALIZED_AUTOS = YES_AGGRESSIVE;
				GCC_WARN_UNUSED_FUNCTION = YES;
				GCC_WARN_UNUSED_VARIABLE = YES;
				IPHONEOS_DEPLOYMENT_TARGET = 26.5;
				LOCALIZATION_PREFERS_STRING_CATALOGS = YES;
				MTL_ENABLE_DEBUG_INFO = NO;
				MTL_FAST_MATH = YES;
				SDKROOT = iphoneos;
				SWIFT_COMPILATION_MODE = wholemodule;
				VALIDATE_PRODUCT = YES;
			};
			name = Release;
		};
		A22C2C782FFB302D00E68CB6 /* Debug */ = {
			isa = XCBuildConfiguration;
			buildSettings = {
				ASSETCATALOG_COMPILER_APPICON_NAME = AppIcon;
				ASSETCATALOG_COMPILER_GLOBAL_ACCENT_COLOR_NAME = AccentColor;
				CODE_SIGN_STYLE = Automatic;
				CURRENT_PROJECT_VERSION = 1;
				ENABLE_PREVIEWS = YES;
				GENERATE_INFOPLIST_FILE = YES;
				INFOPLIST_KEY_LSApplicationCategoryType = "public.app-category.reference";
				INFOPLIST_KEY_NSCameraUsageDescription = "Take photos of arcade PCBs and repairs to attach to repair log entries.";
				INFOPLIST_KEY_UIApplicationSceneManifest_Generation = YES;
				INFOPLIST_KEY_UIApplicationSupportsIndirectInputEvents = YES;
				INFOPLIST_KEY_UILaunchScreen_Generation = YES;
				INFOPLIST_KEY_UISupportedInterfaceOrientations_iPad = "UIInterfaceOrientationPortrait UIInterfaceOrientationPortraitUpsideDown UIInterfaceOrientationLandscapeLeft UIInterfaceOrientationLandscapeRight";
				INFOPLIST_KEY_UISupportedInterfaceOrientations_iPhone = "UIInterfaceOrientationPortrait UIInterfaceOrientationLandscapeLeft UIInterfaceOrientationLandscapeRight";
				IPHONEOS_DEPLOYMENT_TARGET = 26.0;
				LD_RUNPATH_SEARCH_PATHS = (
					"$(inherited)",
					"@executable_path/Frameworks",
				);
				MARKETING_VERSION = 1.0;
				PRODUCT_BUNDLE_IDENTIFIER = MattGoodhart.ArcadeCollector;
				PRODUCT_NAME = "$(TARGET_NAME)";
				STRING_CATALOG_GENERATE_SYMBOLS = YES;
				SWIFT_APPROACHABLE_CONCURRENCY = YES;
				SWIFT_DEFAULT_ACTOR_ISOLATION = MainActor;
				SWIFT_EMIT_LOC_STRINGS = YES;
				SWIFT_UPCOMING_FEATURE_MEMBER_IMPORT_VISIBILITY = YES;
				SWIFT_VERSION = 5.0;
				TARGETED_DEVICE_FAMILY = "1,2";
			};
			name = Debug;
		};
		A22C2C792FFB302D00E68CB6 /* Release */ = {
			isa = XCBuildConfiguration;
			buildSettings = {
				ASSETCATALOG_COMPILER_APPICON_NAME = AppIcon;
				ASSETCATALOG_COMPILER_GLOBAL_ACCENT_COLOR_NAME = AccentColor;
				CODE_SIGN_STYLE = Automatic;
				CURRENT_PROJECT_VERSION = 1;
				ENABLE_PREVIEWS = YES;
				GENERATE_INFOPLIST_FILE = YES;
				INFOPLIST_KEY_LSApplicationCategoryType = "public.app-category.reference";
				INFOPLIST_KEY_NSCameraUsageDescription = "Take photos of arcade PCBs and repairs to attach to repair log entries.";
				INFOPLIST_KEY_UIApplicationSceneManifest_Generation = YES;
				INFOPLIST_KEY_UIApplicationSupportsIndirectInputEvents = YES;
				INFOPLIST_KEY_UILaunchScreen_Generation = YES;
				INFOPLIST_KEY_UISupportedInterfaceOrientations_iPad = "UIInterfaceOrientationPortrait UIInterfaceOrientationPortraitUpsideDown UIInterfaceOrientationLandscapeLeft UIInterfaceOrientationLandscapeRight";
				INFOPLIST_KEY_UISupportedInterfaceOrientations_iPhone = "UIInterfaceOrientationPortrait UIInterfaceOrientationLandscapeLeft UIInterfaceOrientationLandscapeRight";
				IPHONEOS_DEPLOYMENT_TARGET = 26.0;
				LD_RUNPATH_SEARCH_PATHS = (
					"$(inherited)",
					"@executable_path/Frameworks",
				);
				MARKETING_VERSION = 1.0;
				PRODUCT_BUNDLE_IDENTIFIER = MattGoodhart.ArcadeCollector;
				PRODUCT_NAME = "$(TARGET_NAME)";
				STRING_CATALOG_GENERATE_SYMBOLS = YES;
				SWIFT_APPROACHABLE_CONCURRENCY = YES;
				SWIFT_DEFAULT_ACTOR_ISOLATION = MainActor;
				SWIFT_EMIT_LOC_STRINGS = YES;
				SWIFT_UPCOMING_FEATURE_MEMBER_IMPORT_VISIBILITY = YES;
				SWIFT_VERSION = 5.0;
				TARGETED_DEVICE_FAMILY = "1,2";
			};
			name = Release;
		};
		A22C2C7B2FFB302D00E68CB6 /* Debug */ = {
			isa = XCBuildConfiguration;
			buildSettings = {
				BUNDLE_LOADER = "$(TEST_HOST)";
				CODE_SIGN_STYLE = Automatic;
				CURRENT_PROJECT_VERSION = 1;
				GENERATE_INFOPLIST_FILE = YES;
				IPHONEOS_DEPLOYMENT_TARGET = 26.5;
				MARKETING_VERSION = 1.0;
				PRODUCT_BUNDLE_IDENTIFIER = MattGoodhart.ArcadeCollectorTests;
				PRODUCT_NAME = "$(TARGET_NAME)";
				STRING_CATALOG_GENERATE_SYMBOLS = NO;
				SWIFT_APPROACHABLE_CONCURRENCY = YES;
				SWIFT_EMIT_LOC_STRINGS = NO;
				SWIFT_UPCOMING_FEATURE_MEMBER_IMPORT_VISIBILITY = YES;
				SWIFT_VERSION = 5.0;
				TARGETED_DEVICE_FAMILY = "1,2";
				TEST_HOST = "$(BUILT_PRODUCTS_DIR)/ArcadeCollector.app/$(BUNDLE_EXECUTABLE_FOLDER_PATH)/ArcadeCollector";
			};
			name = Debug;
		};
		A22C2C7C2FFB302D00E68CB6 /* Release */ = {
			isa = XCBuildConfiguration;
			buildSettings = {
				BUNDLE_LOADER = "$(TEST_HOST)";
				CODE_SIGN_STYLE = Automatic;
				CURRENT_PROJECT_VERSION = 1;
				GENERATE_INFOPLIST_FILE = YES;
				IPHONEOS_DEPLOYMENT_TARGET = 26.5;
				MARKETING_VERSION = 1.0;
				PRODUCT_BUNDLE_IDENTIFIER = MattGoodhart.ArcadeCollectorTests;
				PRODUCT_NAME = "$(TARGET_NAME)";
				STRING_CATALOG_GENERATE_SYMBOLS = NO;
				SWIFT_APPROACHABLE_CONCURRENCY = YES;
				SWIFT_EMIT_LOC_STRINGS = NO;
				SWIFT_UPCOMING_FEATURE_MEMBER_IMPORT_VISIBILITY = YES;
				SWIFT_VERSION = 5.0;
				TARGETED_DEVICE_FAMILY = "1,2";
				TEST_HOST = "$(BUILT_PRODUCTS_DIR)/ArcadeCollector.app/$(BUNDLE_EXECUTABLE_FOLDER_PATH)/ArcadeCollector";
			};
			name = Release;
		};
		A22C2C7E2FFB302D00E68CB6 /* Debug */ = {
			isa = XCBuildConfiguration;
			buildSettings = {
				CODE_SIGN_STYLE = Automatic;
				CURRENT_PROJECT_VERSION = 1;
				GENERATE_INFOPLIST_FILE = YES;
				MARKETING_VERSION = 1.0;
				PRODUCT_BUNDLE_IDENTIFIER = MattGoodhart.ArcadeCollectorUITests;
				PRODUCT_NAME = "$(TARGET_NAME)";
				STRING_CATALOG_GENERATE_SYMBOLS = NO;
				SWIFT_APPROACHABLE_CONCURRENCY = YES;
				SWIFT_EMIT_LOC_STRINGS = NO;
				SWIFT_UPCOMING_FEATURE_MEMBER_IMPORT_VISIBILITY = YES;
				SWIFT_VERSION = 5.0;
				TARGETED_DEVICE_FAMILY = "1,2";
				TEST_TARGET_NAME = ArcadeCollector;
			};
			name = Debug;
		};
		A22C2C7F2FFB302D00E68CB6 /* Release */ = {
			isa = XCBuildConfiguration;
			buildSettings = {
				CODE_SIGN_STYLE = Automatic;
				CURRENT_PROJECT_VERSION = 1;
				GENERATE_INFOPLIST_FILE = YES;
				MARKETING_VERSION = 1.0;
				PRODUCT_BUNDLE_IDENTIFIER = MattGoodhart.ArcadeCollectorUITests;
				PRODUCT_NAME = "$(TARGET_NAME)";
				STRING_CATALOG_GENERATE_SYMBOLS = NO;
				SWIFT_APPROACHABLE_CONCURRENCY = YES;
				SWIFT_EMIT_LOC_STRINGS = NO;
				SWIFT_UPCOMING_FEATURE_MEMBER_IMPORT_VISIBILITY = YES;
				SWIFT_VERSION = 5.0;
				TARGETED_DEVICE_FAMILY = "1,2";
				TEST_TARGET_NAME = ArcadeCollector;
			};
			name = Release;
		};
/* End XCBuildConfiguration section */

/* Begin XCConfigurationList section */
		A22C2C4F2FFB302B00E68CB6 /* Build configuration list for PBXProject "ArcadeCollector" */ = {
			isa = XCConfigurationList;
			buildConfigurations = (
				A22C2C752FFB302D00E68CB6 /* Debug */,
				A22C2C762FFB302D00E68CB6 /* Release */,
			);
			defaultConfigurationIsVisible = 0;
			defaultConfigurationName = Release;
		};
		A22C2C772FFB302D00E68CB6 /* Build configuration list for PBXNativeTarget "ArcadeCollector" */ = {
			isa = XCConfigurationList;
			buildConfigurations = (
				A22C2C782FFB302D00E68CB6 /* Debug */,
				A22C2C792FFB302D00E68CB6 /* Release */,
			);
			defaultConfigurationIsVisible = 0;
			defaultConfigurationName = Release;
		};
		A22C2C7A2FFB302D00E68CB6 /* Build configuration list for PBXNativeTarget "ArcadeCollectorTests" */ = {
			isa = XCConfigurationList;
			buildConfigurations = (
				A22C2C7B2FFB302D00E68CB6 /* Debug */,
				A22C2C7C2FFB302D00E68CB6 /* Release */,
			);
			defaultConfigurationIsVisible = 0;
			defaultConfigurationName = Release;
		};
		A22C2C7D2FFB302D00E68CB6 /* Build configuration list for PBXNativeTarget "ArcadeCollectorUITests" */ = {
			isa = XCConfigurationList;
			buildConfigurations = (
				A22C2C7E2FFB302D00E68CB6 /* Debug */,
				A22C2C7F2FFB302D00E68CB6 /* Release */,
			);
			defaultConfigurationIsVisible = 0;
			defaultConfigurationName = Release;
		};
/* End XCConfigurationList section */
	};
	rootObject = A22C2C4C2FFB302B00E68CB6 /* Project object */;
}
